
Microsoft Visual Studio Solution File, Format Version 12.00
# Visual Studio Version 16
VisualStudioVersion = 16.0.30413.136
MinimumVisualStudioVersion = 10.0.40219.1
Project("{9A19103F-16F7-4668-BE54-9A1E7A4F7556}") = "WebApiGames", "WebApiGames\WebApiGames.csproj", "{CF0E2FC3-5F21-4450-90CA-F98B083F3DE1}"
EndProject
Project("{9A19103F-16F7-4668-BE54-9A1E7A4F7556}") = "WebApiGames.Data", "WebApiGames.Data\WebApiGames.Data.csproj", "{ADE70A5B-5268-4E20-9990-BF30B0B273FB}"
EndProject
Project("{9A19103F-16F7-4668-BE54-9A1E7A4F7556}") = "WebApiGames.Business", "WebApiGames.Business\WebApiGames.Business.csproj", "{0099661C-33EB-4063-95C2-82FEC0BC6FAF}"
EndProject
Project("{9A19103F-16F7-4668-BE54-9A1E7A4F7556}") = "BlazorApp", "BlazorApp\BlazorApp.csproj", "{9225A26E-870D-4267-AC2B-884588830435}"
	ProjectSection(ProjectDependencies) = postProject
		{CF0E2FC3-5F21-4450-90CA-F98B083F3DE1} = {CF0E2FC3-5F21-4450-90CA-F98B083F3DE1}
	EndProjectSection
EndProject
Global
	GlobalSection(SolutionConfigurationPlatforms) = preSolution
		Debug|Any CPU = Debug|Any CPU
		Release|Any CPU = Release|Any CPU
	EndGlobalSection
	GlobalSection(ProjectConfigurationPlatforms) = postSolution
		{CF0E2FC3-5F21-4450-90CA-F98B083F3DE1}.Debug|Any CPU.ActiveCfg = Debug|Any CPU
		{CF0E2FC3-5F21-4450-90CA-F98B083F3DE1}.Debug|Any CPU.Build.0 = Debug|Any CPU
		{CF0E2FC3-5F21-4450-90CA-F98B083F3DE1}.Release|Any CPU.ActiveCfg = Release|Any CPU
		{CF0E2FC3-5F21-4450-90CA-F98B083F3DE1}.Release|Any CPU.Build.0 = Release|Any CPU
		{ADE70A5B-5268-4E20-9990-BF30B0B273FB}.Debug|Any CPU.ActiveCfg = Debug|Any CPU
		{ADE70A5B-5268-4E20-9990-BF30B0B273FB}.Debug|Any CPU.Build.0 = Debug|Any CPU
		{ADE70A5B-5268-4E20-9990-BF30B0B273FB}.Release|Any CPU.ActiveCfg = Release|Any CPU
		{ADE70A5B-5268-4E20-9990-BF30B0B273FB}.Release|Any CPU.Build.0 = Release|Any CPU
		{0099661C-33EB-4063-95C2-82FEC0BC6FAF}.Debug|Any CPU.ActiveCfg = Debug|Any CPU
		{0099661C-33EB-4063-95C2-82FEC0BC6FAF}.Debug|Any CPU.Build.0 = Debug|Any CPU
		{0099661C-33EB-4063-95C2-82FEC0BC6FAF}.Release|Any CPU.ActiveCfg = Release|Any CPU
		{0099661C-33EB-4063-95C2-82FEC0BC6FAF}.Release|Any CPU.Build.0 = Release|Any CPU
		{9225A26E-870D-4267-AC2B-884588830435}.Debug|Any CPU.ActiveCfg = Debug|Any CPU
		{9225A26E-870D-4267-AC2B-884588830435}.Debug|Any CPU.Build.0 = Debug|Any CPU
		{9225A26E-870D-4267-AC2B-884588830435}.Release|Any CPU.ActiveCfg = Release|Any CPU
		{9225A26E-870D-4267-AC2B-884588830435}.Release|Any CPU.Build.0 = Release|Any CPU
	EndGlobalSection
	GlobalSection(SolutionProperties) = preSolution
		HideSolutionNode = FALSE
	EndGlobalSection
	GlobalSection(ExtensibilityGlobals) = postSolution
		SolutionGuid = {B6FACE23-882A-43AF-9CBB-7634F350AA4D}
	EndGlobalSection
EndGlobal
